
Microsoft Visual Studio Solution File, Format Version 12.00
# Visual Studio Version 17
VisualStudioVersion = 17.10.35013.160
MinimumVisualStudioVersion = 10.0.40219.1
Project("{FAE04EC0-301F-11D3-BF4B-00C04F79EFBC}") = "POO_C#", "POO_C#.csproj", "{038D2990-13F1-48C3-A601-FD9735C0C260}"
EndProject
Project("{FAE04EC0-301F-11D3-BF4B-00C04F79EFBC}") = "Modelos", "..\Modelos\Modelos.csproj", "{37CDB04A-1F1E-4048-994A-32D8E004F91D}"
EndProject
Project("{FAE04EC0-301F-11D3-BF4B-00C04F79EFBC}") = "Controladores", "..\Controladores\Controladores.csproj", "{250C3C0E-49D7-4722-9971-EFD890FE0A5B}"
EndProject
Global
	GlobalSection(SolutionConfigurationPlatforms) = preSolution
		Debug|Any CPU = Debug|Any CPU
		Release|Any CPU = Release|Any CPU
	EndGlobalSection
	GlobalSection(ProjectConfigurationPlatforms) = postSolution
		{038D2990-13F1-48C3-A601-FD9735C0C260}.Debug|Any CPU.ActiveCfg = Debug|Any CPU
		{038D2990-13F1-48C3-A601-FD9735C0C260}.Debug|Any CPU.Build.0 = Debug|Any CPU
		{038D2990-13F1-48C3-A601-FD9735C0C260}.Release|Any CPU.ActiveCfg = Release|Any CPU
		{038D2990-13F1-48C3-A601-FD9735C0C260}.Release|Any CPU.Build.0 = Release|Any CPU
		{37CDB04A-1F1E-4048-994A-32D8E004F91D}.Debug|Any CPU.ActiveCfg = Debug|Any CPU
		{37CDB04A-1F1E-4048-994A-32D8E004F91D}.Debug|Any CPU.Build.0 = Debug|Any CPU
		{37CDB04A-1F1E-4048-994A-32D8E004F91D}.Release|Any CPU.ActiveCfg = Release|Any CPU
		{37CDB04A-1F1E-4048-994A-32D8E004F91D}.Release|Any CPU.Build.0 = Release|Any CPU
		{250C3C0E-49D7-4722-9971-EFD890FE0A5B}.Debug|Any CPU.ActiveCfg = Debug|Any CPU
		{250C3C0E-49D7-4722-9971-EFD890FE0A5B}.Debug|Any CPU.Build.0 = Debug|Any CPU
		{250C3C0E-49D7-4722-9971-EFD890FE0A5B}.Release|Any CPU.ActiveCfg = Release|Any CPU
		{250C3C0E-49D7-4722-9971-EFD890FE0A5B}.Release|Any CPU.Build.0 = Release|Any CPU
	EndGlobalSection
	GlobalSection(SolutionProperties) = preSolution
		HideSolutionNode = FALSE
	EndGlobalSection
	GlobalSection(ExtensibilityGlobals) = postSolution
		SolutionGuid = {1F043C9D-7CB1-4DFA-8C56-5F94230A1B59}
	EndGlobalSection
EndGlobal
